// !$*UTF8*$!
{
	archiveVersion = 1;
	classes = {
	};
	objectVersion = 46;
	objects = {

/* Begin PBXBuildFile section */
		67523BFF1D9496A000E8B753 /* AppDelegate.swift in Sources */ = {isa = PBXBuildFile; fileRef = 67523BFE1D9496A000E8B753 /* AppDelegate.swift */; };
		67523C011D9496A000E8B753 /* TipViewController.swift in Sources */ = {isa = PBXBuildFile; fileRef = 67523C001D9496A000E8B753 /* TipViewController.swift */; };
		67523C041D9496A000E8B753 /* Main.storyboard in Resources */ = {isa = PBXBuildFile; fileRef = 67523C021D9496A000E8B753 /* Main.storyboard */; };
		67523C061D9496A000E8B753 /* Assets.xcassets in Resources */ = {isa = PBXBuildFile; fileRef = 67523C051D9496A000E8B753 /* Assets.xcassets */; };
		67523C091D9496A000E8B753 /* LaunchScreen.storyboard in Resources */ = {isa = PBXBuildFile; fileRef = 67523C071D9496A000E8B753 /* LaunchScreen.storyboard */; };
		67523C141D9496A000E8B753 /* calculatipTests.swift in Sources */ = {isa = PBXBuildFile; fileRef = 67523C131D9496A000E8B753 /* calculatipTests.swift */; };
		67523C1F1D9496A000E8B753 /* calculatipUITests.swift in Sources */ = {isa = PBXBuildFile; fileRef = 67523C1E1D9496A000E8B753 /* calculatipUITests.swift */; };
		67523C2D1D94BB0800E8B753 /* SettingsViewController.swift in Sources */ = {isa = PBXBuildFile; fileRef = 67523C2C1D94BB0800E8B753 /* SettingsViewController.swift */; };
/* End PBXBuildFile section */

/* Begin PBXContainerItemProxy section */
		67523C101D9496A000E8B753 /* PBXContainerItemProxy */ = {
			isa = PBXContainerItemProxy;
			containerPortal = 67523BF31D9496A000E8B753 /* Project object */;
			proxyType = 1;
			remoteGlobalIDString = 67523BFA1D9496A000E8B753;
			remoteInfo = calculatip;
		};
		67523C1B1D9496A000E8B753 /* PBXContainerItemProxy */ = {
			isa = PBXContainerItemProxy;
			containerPortal = 67523BF31D9496A000E8B753 /* Project object */;
			proxyType = 1;
			remoteGlobalIDString = 67523BFA1D9496A000E8B753;
			remoteInfo = calculatip;
		};
/* End PBXContainerItemProxy section */

/* Begin PBXFileReference section */
		67523BFB1D9496A000E8B753 /* calculatip.app */ = {isa = PBXFileReference; explicitFileType = wrapper.application; includeInIndex = 0; path = calculatip.app; sourceTree = BUILT_PRODUCTS_DIR; };
		67523BFE1D9496A000E8B753 /* AppDelegate.swift */ = {isa = PBXFileReference; lastKnownFileType = sourcecode.swift; path = AppDelegate.swift; sourceTree = "<group>"; };
		67523C001D9496A000E8B753 /* TipViewController.swift */ = {isa = PBXFileReference; lastKnownFileType = sourcecode.swift; path = TipViewController.swift; sourceTree = "<group>"; };
		67523C031D9496A000E8B753 /* Base */ = {isa = PBXFileReference; lastKnownFileType = file.storyboard; name = Base; path = Base.lproj/Main.storyboard; sourceTree = "<group>"; };
		67523C051D9496A000E8B753 /* Assets.xcassets */ = {isa = PBXFileReference; lastKnownFileType = folder.assetcatalog; path = Assets.xcassets; sourceTree = "<group>"; };
		67523C081D9496A000E8B753 /* Base */ = {isa = PBXFileReference; lastKnownFileType = file.storyboard; name = Base; path = Base.lproj/LaunchScreen.storyboard; sourceTree = "<group>"; };
		67523C0A1D9496A000E8B753 /* Info.plist */ = {isa = PBXFileReference; lastKnownFileType = text.plist.xml; path = Info.plist; sourceTree = "<group>"; };
		67523C0F1D9496A000E8B753 /* calculatipTests.xctest */ = {isa = PBXFileReference; explicitFileType = wrapper.cfbundle; includeInIndex = 0; path = calculatipTests.xctest; sourceTree = BUILT_PRODUCTS_DIR; };
		67523C131D9496A000E8B753 /* calculatipTests.swift */ = {isa = PBXFileReference; lastKnownFileType = sourcecode.swift; path = calculatipTests.swift; sourceTree = "<group>"; };
		67523C151D9496A000E8B753 /* Info.plist */ = {isa = PBXFileReference; lastKnownFileType = text.plist.xml; path = Info.plist; sourceTree = "<group>"; };
		67523C1A1D9496A000E8B753 /* calculatipUITests.xctest */ = {isa = PBXFileReference; explicitFileType = wrapper.cfbundle; includeInIndex = 0; path = calculatipUITests.xctest; sourceTree = BUILT_PRODUCTS_DIR; };
		67523C1E1D9496A000E8B753 /* calculatipUITests.swift */ = {isa = PBXFileReference; lastKnownFileType = sourcecode.swift; path = calculatipUITests.swift; sourceTree = "<group>"; };
		67523C201D9496A000E8B753 /* Info.plist */ = {isa = PBXFileReference; lastKnownFileType = text.plist.xml; path = Info.plist; sourceTree = "<group>"; };
		67523C2C1D94BB0800E8B753 /* SettingsViewController.swift */ = {isa = PBXFileReference; fileEncoding = 4; lastKnownFileType = sourcecode.swift; name = SettingsViewController.swift; path = ../SettingsViewController.swift; sourceTree = "<group>"; };
/* End PBXFileReference section */

/* Begin PBXFrameworksBuildPhase section */
		67523BF81D9496A000E8B753 /* Frameworks */ = {
			isa = PBXFrameworksBuildPhase;
			buildActionMask = 2147483647;
			files = (
			);
			runOnlyForDeploymentPostprocessing = 0;
		};
		67523C0C1D9496A000E8B753 /* Frameworks */ = {
			isa = PBXFrameworksBuildPhase;
			buildActionMask = 2147483647;
			files = (
			);
			runOnlyForDeploymentPostprocessing = 0;
		};
		67523C171D9496A000E8B753 /* Frameworks */ = {
			isa = PBXFrameworksBuildPhase;
			buildActionMask = 2147483647;
			files = (
			);
			runOnlyForDeploymentPostprocessing = 0;
		};
/* End PBXFrameworksBuildPhase section */

/* Begin PBXGroup section */
		67523BF21D9496A000E8B753 = {
			isa = PBXGroup;
			children = (
				67523BFD1D9496A000E8B753 /* calculatip */,
				67523C121D9496A000E8B753 /* calculatipTests */,
				67523C1D1D9496A000E8B753 /* calculatipUITests */,
				67523BFC1D9496A000E8B753 /* Products */,
			);
			sourceTree = "<group>";
		};
		67523BFC1D9496A000E8B753 /* Products */ = {
			isa = PBXGroup;
			children = (
				67523BFB1D9496A000E8B753 /* calculatip.app */,
				67523C0F1D9496A000E8B753 /* calculatipTests.xctest */,
				67523C1A1D9496A000E8B753 /* calculatipUITests.xctest */,
			);
			name = Products;
			sourceTree = "<group>";
		};
		67523BFD1D9496A000E8B753 /* calculatip */ = {
			isa = PBXGroup;
			children = (
				67523BFE1D9496A000E8B753 /* AppDelegate.swift */,
				67523C001D9496A000E8B753 /* TipViewController.swift */,
				67523C2C1D94BB0800E8B753 /* SettingsViewController.swift */,
				67523C021D9496A000E8B753 /* Main.storyboard */,
				67523C051D9496A000E8B753 /* Assets.xcassets */,
				67523C071D9496A000E8B753 /* LaunchScreen.storyboard */,
				67523C0A1D9496A000E8B753 /* Info.plist */,
			);
			path = calculatip;
			sourceTree = "<group>";
		};
		67523C121D9496A000E8B753 /* calculatipTests */ = {
			isa = PBXGroup;
			children = (
				67523C131D9496A000E8B753 /* calculatipTests.swift */,
				67523C151D9496A000E8B753 /* Info.plist */,
			);
			path = calculatipTests;
			sourceTree = "<group>";
		};
		67523C1D1D9496A000E8B753 /* calculatipUITests */ = {
			isa = PBXGroup;
			children = (
				67523C1E1D9496A000E8B753 /* calculatipUITests.swift */,
				67523C201D9496A000E8B753 /* Info.plist */,
			);
			path = calculatipUITests;
			sourceTree = "<group>";
		};
/* End PBXGroup section */

/* Begin PBXNativeTarget section */
		67523BFA1D9496A000E8B753 /* calculatip */ = {
			isa = PBXNativeTarget;
			buildConfigurationList = 67523C231D9496A000E8B753 /* Build configuration list for PBXNativeTarget "calculatip" */;
			buildPhases = (
				67523BF71D9496A000E8B753 /* Sources */,
				67523BF81D9496A000E8B753 /* Frameworks */,
				67523BF91D9496A000E8B753 /* Resources */,
			);
			buildRules = (
			);
			dependencies = (
			);
			name = calculatip;
			productName = calculatip;
			productReference = 67523BFB1D9496A000E8B753 /* calculatip.app */;
			productType = "com.apple.product-type.application";
		};
		67523C0E1D9496A000E8B753 /* calculatipTests */ = {
			isa = PBXNativeTarget;
			buildConfigurationList = 67523C261D9496A000E8B753 /* Build configuration list for PBXNativeTarget "calculatipTests" */;
			buildPhases = (
				67523C0B1D9496A000E8B753 /* Sources */,
				67523C0C1D9496A000E8B753 /* Frameworks */,
				67523C0D1D9496A000E8B753 /* Resources */,
			);
			buildRules = (
			);
			dependencies = (
				67523C111D9496A000E8B753 /* PBXTargetDependency */,
			);
			name = calculatipTests;
			productName = calculatipTests;
			productReference = 67523C0F1D9496A000E8B753 /* calculatipTests.xctest */;
			productType = "com.apple.product-type.bundle.unit-test";
		};
		67523C191D9496A000E8B753 /* calculatipUITests */ = {
			isa = PBXNativeTarget;
			buildConfigurationList = 67523C291D9496A000E8B753 /* Build configuration list for PBXNativeTarget "calculatipUITests" */;
			buildPhases = (
				67523C161D9496A000E8B753 /* Sources */,
				67523C171D9496A000E8B753 /* Frameworks */,
				67523C181D9496A000E8B753 /* Resources */,
			);
			buildRules = (
			);
			dependencies = (
				67523C1C1D9496A000E8B753 /* PBXTargetDependency */,
			);
			name = calculatipUITests;
			productName = calculatipUITests;
			productReference = 67523C1A1D9496A000E8B753 /* calculatipUITests.xctest */;
			productType = "com.apple.product-type.bundle.ui-testing";
		};
/* End PBXNativeTarget section */

/* Begin PBXProject section */
		67523BF31D9496A000E8B753 /* Project object */ = {
			isa = PBXProject;
			attributes = {
				LastSwiftUpdateCheck = 0800;
				LastUpgradeCheck = 0800;
				ORGANIZATIONNAME = "Bianca Curutan";
				TargetAttributes = {
					67523BFA1D9496A000E8B753 = {
						CreatedOnToolsVersion = 8.0;
						ProvisioningStyle = Automatic;
					};
					67523C0E1D9496A000E8B753 = {
						CreatedOnToolsVersion = 8.0;
						ProvisioningStyle = Automatic;
						TestTargetID = 67523BFA1D9496A000E8B753;
					};
					67523C191D9496A000E8B753 = {
						CreatedOnToolsVersion = 8.0;
						ProvisioningStyle = Automatic;
						TestTargetID = 67523BFA1D9496A000E8B753;
					};
				};
			};
			buildConfigurationList = 67523BF61D9496A000E8B753 /* Build configuration list for PBXProject "calculatip" */;
			compatibilityVersion = "Xcode 3.2";
			developmentRegion = English;
			hasScannedForEncodings = 0;
			knownRegions = (
				en,
				Base,
			);
			mainGroup = 67523BF21D9496A000E8B753;
			productRefGroup = 67523BFC1D9496A000E8B753 /* Products */;
			projectDirPath = "";
			projectRoot = "";
			targets = (
				67523BFA1D9496A000E8B753 /* calculatip */,
				67523C0E1D9496A000E8B753 /* calculatipTests */,
				67523C191D9496A000E8B753 /* calculatipUITests */,
			);
		};
/* End PBXProject section */

/* Begin PBXResourcesBuildPhase section */
		67523BF91D9496A000E8B753 /* Resources */ = {
			isa = PBXResourcesBuildPhase;
			buildActionMask = 2147483647;
			files = (
				67523C091D9496A000E8B753 /* LaunchScreen.storyboard in Resources */,
				67523C061D9496A000E8B753 /* Assets.xcassets in Resources */,
				67523C041D9496A000E8B753 /* Main.storyboard in Resources */,
			);
			runOnlyForDeploymentPostprocessing = 0;
		};
		67523C0D1D9496A000E8B753 /* Resources */ = {
			isa = PBXResourcesBuildPhase;
			buildActionMask = 2147483647;
			files = (
			);
			runOnlyForDeploymentPostprocessing = 0;
		};
		67523C181D9496A000E8B753 /* Resources */ = {
			isa = PBXResourcesBuildPhase;
			buildActionMask = 2147483647;
			files = (
			);
			runOnlyForDeploymentPostprocessing = 0;
		};
/* End PBXResourcesBuildPhase section */

/* Begin PBXSourcesBuildPhase section */
		67523BF71D9496A000E8B753 /* Sources */ = {
			isa = PBXSourcesBuildPhase;
			buildActionMask = 2147483647;
			files = (
				67523C011D9496A000E8B753 /* TipViewController.swift in Sources */,
				67523BFF1D9496A000E8B753 /* AppDelegate.swift in Sources */,
				67523C2D1D94BB0800E8B753 /* SettingsViewController.swift in Sources */,
			);
			runOnlyForDeploymentPostprocessing = 0;
		};
		67523C0B1D9496A000E8B753 /* Sources */ = {
			isa = PBXSourcesBuildPhase;
			buildActionMask = 2147483647;
			files = (
				67523C141D9496A000E8B753 /* calculatipTests.swift in Sources */,
			);
			runOnlyForDeploymentPostprocessing = 0;
		};
		67523C161D9496A000E8B753 /* Sources */ = {
			isa = PBXSourcesBuildPhase;
			buildActionMask = 2147483647;
			files = (
				67523C1F1D9496A000E8B753 /* calculatipUITests.swift in Sources */,
			);
			runOnlyForDeploymentPostprocessing = 0;
		};
/* End PBXSourcesBuildPhase section */

/* Begin PBXTargetDependency section */
		67523C111D9496A000E8B753 /* PBXTargetDependency */ = {
			isa = PBXTargetDependency;
			target = 67523BFA1D9496A000E8B753 /* calculatip */;
			targetProxy = 67523C101D9496A000E8B753 /* PBXContainerItemProxy */;
		};
		67523C1C1D9496A000E8B753 /* PBXTargetDependency */ = {
			isa = PBXTargetDependency;
			target = 67523BFA1D9496A000E8B753 /* calculatip */;
			targetProxy = 67523C1B1D9496A000E8B753 /* PBXContainerItemProxy */;
		};
/* End PBXTargetDependency section */

/* Begin PBXVariantGroup section */
		67523C021D9496A000E8B753 /* Main.storyboard */ = {
			isa = PBXVariantGroup;
			children = (
				67523C031D9496A000E8B753 /* Base */,
			);
			name = Main.storyboard;
			sourceTree = "<group>";
		};
		67523C071D9496A000E8B753 /* LaunchScreen.storyboard */ = {
			isa = PBXVariantGroup;
			children = (
				67523C081D9496A000E8B753 /* Base */,
			);
			name = LaunchScreen.storyboard;
			sourceTree = "<group>";
		};
/* End PBXVariantGroup section */

/* Begin XCBuildConfiguration section */
		67523C211D9496A000E8B753 /* Debug */ = {
			isa = XCBuildConfiguration;
			buildSettings = {
				ALWAYS_SEARCH_USER_PATHS = NO;
				CLANG_ANALYZER_NONNULL = YES;
				CLANG_CXX_LANGUAGE_STANDARD = "gnu++0x";
				CLANG_CXX_LIBRARY = "libc++";
				CLANG_ENABLE_MODULES = YES;
				CLANG_ENABLE_OBJC_ARC = YES;
				CLANG_WARN_BOOL_CONVERSION = YES;
				CLANG_WARN_CONSTANT_CONVERSION = YES;
				CLANG_WARN_DIRECT_OBJC_ISA_USAGE = YES_ERROR;
				CLANG_WARN_DOCUMENTATION_COMMENTS = YES;
				CLANG_WARN_EMPTY_BODY = YES;
				CLANG_WARN_ENUM_CONVERSION = YES;
				CLANG_WARN_INFINITE_RECURSION = YES;
				CLANG_WARN_INT_CONVERSION = YES;
				CLANG_WARN_OBJC_ROOT_CLASS = YES_ERROR;
				CLANG_WARN_SUSPICIOUS_MOVES = YES;
				CLANG_WARN_UNREACHABLE_CODE = YES;
				CLANG_WARN__DUPLICATE_METHOD_MATCH = YES;
				"CODE_SIGN_IDENTITY[sdk=iphoneos*]" = "iPhone Developer";
				COPY_PHASE_STRIP = NO;
				DEBUG_INFORMATION_FORMAT = dwarf;
				ENABLE_STRICT_OBJC_MSGSEND = YES;
				ENABLE_TESTABILITY = YES;
				GCC_C_LANGUAGE_STANDARD = gnu99;
				GCC_DYNAMIC_NO_PIC = NO;
				GCC_NO_COMMON_BLOCKS = YES;
				GCC_OPTIMIZATION_LEVEL = 0;
				GCC_PREPROCESSOR_DEFINITIONS = (
					"DEBUG=1",
					"$(inherited)",
				);
				GCC_WARN_64_TO_32_BIT_CONVERSION = YES;
				GCC_WARN_ABOUT_RETURN_TYPE = YES_ERROR;
				GCC_WARN_UNDECLARED_SELECTOR = YES;
				GCC_WARN_UNINITIALIZED_AUTOS = YES_AGGRESSIVE;
				GCC_WARN_UNUSED_FUNCTION = YES;
				GCC_WARN_UNUSED_VARIABLE = YES;
				IPHONEOS_DEPLOYMENT_TARGET = 10.0;
				MTL_ENABLE_DEBUG_INFO = YES;
				ONLY_ACTIVE_ARCH = YES;
				SDKROOT = iphoneos;
				SWIFT_ACTIVE_COMPILATION_CONDITIONS = DEBUG;
				SWIFT_OPTIMIZATION_LEVEL = "-Onone";
			};
			name = Debug;
		};
		67523C221D9496A000E8B753 /* Release */ = {
			isa = XCBuildConfiguration;
			buildSettings = {
				ALWAYS_SEARCH_USER_PATHS = NO;
				CLANG_ANALYZER_NONNULL = YES;
				CLANG_CXX_LANGUAGE_STANDARD = "gnu++0x";
				CLANG_CXX_LIBRARY = "libc++";
				CLANG_ENABLE_MODULES = YES;
				CLANG_ENABLE_OBJC_ARC = YES;
				CLANG_WARN_BOOL_CONVERSION = YES;
				CLANG_WARN_CONSTANT_CONVERSION = YES;
				CLANG_WARN_DIRECT_OBJC_ISA_USAGE = YES_ERROR;
				CLANG_WARN_DOCUMENTATION_COMMENTS = YES;
				CLANG_WARN_EMPTY_BODY = YES;
				CLANG_WARN_ENUM_CONVERSION = YES;
				CLANG_WARN_INFINITE_RECURSION = YES;
				CLANG_WARN_INT_CONVERSION = YES;
				CLANG_WARN_OBJC_ROOT_CLASS = YES_ERROR;
				CLANG_WARN_SUSPICIOUS_MOVES = YES;
				CLANG_WARN_UNREACHABLE_CODE = YES;
				CLANG_WARN__DUPLICATE_METHOD_MATCH = YES;
				"CODE_SIGN_IDENTITY[sdk=iphoneos*]" = "iPhone Developer";
				COPY_PHASE_STRIP = NO;
				DEBUG_INFORMATION_FORMAT = "dwarf-with-dsym";
				ENABLE_NS_ASSERTIONS = NO;
				ENABLE_STRICT_OBJC_MSGSEND = YES;
				GCC_C_LANGUAGE_STANDARD = gnu99;
				GCC_NO_COMMON_BLOCKS = YES;
				GCC_WARN_64_TO_32_BIT_CONVERSION = YES;
				GCC_WARN_ABOUT_RETURN_TYPE = YES_ERROR;
				GCC_WARN_UNDECLARED_SELECTOR = YES;
				GCC_WARN_UNINITIALIZED_AUTOS = YES_AGGRESSIVE;
				GCC_WARN_UNUSED_FUNCTION = YES;
				GCC_WARN_UNUSED_VARIABLE = YES;
				IPHONEOS_DEPLOYMENT_TARGET = 10.0;
				MTL_ENABLE_DEBUG_INFO = NO;
				SDKROOT = iphoneos;
				SWIFT_OPTIMIZATION_LEVEL = "-Owholemodule";
				VALIDATE_PRODUCT = YES;
			};
			name = Release;
		};
		67523C241D9496A000E8B753 /* Debug */ = {
			isa = XCBuildConfiguration;
			buildSettings = {
				ASSETCATALOG_COMPILER_APPICON_NAME = AppIcon;
				ASSETCATALOG_COMPILER_LAUNCHIMAGE_NAME = LaunchImage;
				DEVELOPMENT_TEAM = "";
				INFOPLIST_FILE = calculatip/Info.plist;
				LD_RUNPATH_SEARCH_PATHS = "$(inherited) @executable_path/Frameworks";
				PRODUCT_BUNDLE_IDENTIFIER = com.bmcurutan.calculatip;
				PRODUCT_NAME = "$(TARGET_NAME)";
				SWIFT_VERSION = 3.0;
			};
			name = Debug;
		};
		67523C251D9496A000E8B753 /* Release */ = {
			isa = XCBuildConfiguration;
			buildSettings = {
				ASSETCATALOG_COMPILER_APPICON_NAME = AppIcon;
				ASSETCATALOG_COMPILER_LAUNCHIMAGE_NAME = LaunchImage;
				DEVELOPMENT_TEAM = "";
				INFOPLIST_FILE = calculatip/Info.plist;
				LD_RUNPATH_SEARCH_PATHS = "$(inherited) @executable_path/Frameworks";
				PRODUCT_BUNDLE_IDENTIFIER = com.bmcurutan.calculatip;
				PRODUCT_NAME = "$(TARGET_NAME)";
				SWIFT_VERSION = 3.0;
			};
			name = Release;
		};
		67523C271D9496A000E8B753 /* Debug */ = {
			isa = XCBuildConfiguration;
			buildSettings = {
				ALWAYS_EMBED_SWIFT_STANDARD_LIBRARIES = YES;
				BUNDLE_LOADER = "$(TEST_HOST)";
				INFOPLIST_FILE = calculatipTests/Info.plist;
				LD_RUNPATH_SEARCH_PATHS = "$(inherited) @executable_path/Frameworks @loader_path/Frameworks";
				PRODUCT_BUNDLE_IDENTIFIER = com.bmcurutan.calculatipTests;
				PRODUCT_NAME = "$(TARGET_NAME)";
				SWIFT_VERSION = 3.0;
				TEST_HOST = "$(BUILT_PRODUCTS_DIR)/calculatip.app/calculatip";
			};
			name = Debug;
		};
		67523C281D9496A000E8B753 /* Release */ = {
			isa = XCBuildConfiguration;
			buildSettings = {
				ALWAYS_EMBED_SWIFT_STANDARD_LIBRARIES = YES;
				BUNDLE_LOADER = "$(TEST_HOST)";
				INFOPLIST_FILE = calculatipTests/Info.plist;
				LD_RUNPATH_SEARCH_PATHS = "$(inherited) @executable_path/Frameworks @loader_path/Frameworks";
				PRODUCT_BUNDLE_IDENTIFIER = com.bmcurutan.calculatipTests;
				PRODUCT_NAME = "$(TARGET_NAME)";
				SWIFT_VERSION = 3.0;
				TEST_HOST = "$(BUILT_PRODUCTS_DIR)/calculatip.app/calculatip";
			};
			name = Release;
		};
		67523C2A1D9496A000E8B753 /* Debug */ = {
			isa = XCBuildConfiguration;
			buildSettings = {
				ALWAYS_EMBED_SWIFT_STANDARD_LIBRARIES = YES;
				INFOPLIST_FILE = calculatipUITests/Info.plist;
				LD_RUNPATH_SEARCH_PATHS = "$(inherited) @executable_path/Frameworks @loader_path/Frameworks";
				PRODUCT_BUNDLE_IDENTIFIER = com.bmcurutan.calculatipUITests;
				PRODUCT_NAME = "$(TARGET_NAME)";
				SWIFT_VERSION = 3.0;
				TEST_TARGET_NAME = calculatip;
			};
			name = Debug;
		};
		67523C2B1D9496A000E8B753 /* Release */ = {
			isa = XCBuildConfiguration;
			buildSettings = {
				ALWAYS_EMBED_SWIFT_STANDARD_LIBRARIES = YES;
				INFOPLIST_FILE = calculatipUITests/Info.plist;
				LD_RUNPATH_SEARCH_PATHS = "$(inherited) @executable_path/Frameworks @loader_path/Frameworks";
				PRODUCT_BUNDLE_IDENTIFIER = com.bmcurutan.calculatipUITests;
				PRODUCT_NAME = "$(TARGET_NAME)";
				SWIFT_VERSION = 3.0;
				TEST_TARGET_NAME = calculatip;
			};
			name = Release;
		};
/* End XCBuildConfiguration section */

/* Begin XCConfigurationList section */
		67523BF61D9496A000E8B753 /* Build configuration list for PBXProject "calculatip" */ = {
			isa = XCConfigurationList;
			buildConfigurations = (
				67523C211D9496A000E8B753 /* Debug */,
				67523C221D9496A000E8B753 /* Release */,
			);
			defaultConfigurationIsVisible = 0;
			defaultConfigurationName = Release;
		};
		67523C231D9496A000E8B753 /* Build configuration list for PBXNativeTarget "calculatip" */ = {
			isa = XCConfigurationList;
			buildConfigurations = (
				67523C241D9496A000E8B753 /* Debug */,
				67523C251D9496A000E8B753 /* Release */,
			);
			defaultConfigurationIsVisible = 0;
			defaultConfigurationName = Release;
		};
		67523C261D9496A000E8B753 /* Build configuration list for PBXNativeTarget "calculatipTests" */ = {
			isa = XCConfigurationList;
			buildConfigurations = (
				67523C271D9496A000E8B753 /* Debug */,
				67523C281D9496A000E8B753 /* Release */,
			);
			defaultConfigurationIsVisible = 0;
			defaultConfigurationName = Release;
		};
		67523C291D9496A000E8B753 /* Build configuration list for PBXNativeTarget "calculatipUITests" */ = {
			isa = XCConfigurationList;
			buildConfigurations = (
				67523C2A1D9496A000E8B753 /* Debug */,
				67523C2B1D9496A000E8B753 /* Release */,
			);
			defaultConfigurationIsVisible = 0;
			defaultConfigurationName = Release;
		};
/* End XCConfigurationList section */
	};
	rootObject = 67523BF31D9496A000E8B753 /* Project object */;
}
